
Microsoft Visual Studio Solution File, Format Version 12.00
Project("{FAE04EC0-301F-11D3-BF4B-00C04F79EFBC}") = "Moveo_backend", "Moveo_backend\Moveo_backend.csproj", "{1CF0F868-BD3E-423D-B111-35CC1C718047}"
EndProject
Global
	GlobalSection(SolutionConfigurationPlatforms) = preSolution
		Debug|Any CPU = Debug|Any CPU
		Release|Any CPU = Release|Any CPU
	EndGlobalSection
	GlobalSection(ProjectConfigurationPlatforms) = postSolution
		{1CF0F868-BD3E-423D-B111-35CC1C718047}.Debug|Any CPU.ActiveCfg = Debug|Any CPU
		{1CF0F868-BD3E-423D-B111-35CC1C718047}.Debug|Any CPU.Build.0 = Debug|Any CPU
		{1CF0F868-BD3E-423D-B111-35CC1C718047}.Release|Any CPU.ActiveCfg = Release|Any CPU
		{1CF0F868-BD3E-423D-B111-35CC1C718047}.Release|Any CPU.Build.0 = Release|Any CPU
	EndGlobalSection
EndGlobal
